
Microsoft Visual Studio Solution File, Format Version 12.00
# Visual Studio Version 17
VisualStudioVersion = 17.3.32929.385
MinimumVisualStudioVersion = 10.0.40219.1
Project("{FAE04EC0-301F-11D3-BF4B-00C04F79EFBC}") = "Assignment_BackEnd", "Assignment_BackEnd\Assignment_BackEnd.csproj", "{129A827F-4993-4411-BAFE-319939C7F029}"
EndProject
Global
	GlobalSection(SolutionConfigurationPlatforms) = preSolution
		Debug|Any CPU = Debug|Any CPU
		Release|Any CPU = Release|Any CPU
	EndGlobalSection
	GlobalSection(ProjectConfigurationPlatforms) = postSolution
		{129A827F-4993-4411-BAFE-319939C7F029}.Debug|Any CPU.ActiveCfg = Debug|Any CPU
		{129A827F-4993-4411-BAFE-319939C7F029}.Debug|Any CPU.Build.0 = Debug|Any CPU
		{129A827F-4993-4411-BAFE-319939C7F029}.Release|Any CPU.ActiveCfg = Release|Any CPU
		{129A827F-4993-4411-BAFE-319939C7F029}.Release|Any CPU.Build.0 = Release|Any CPU
	EndGlobalSection
	GlobalSection(SolutionProperties) = preSolution
		HideSolutionNode = FALSE
	EndGlobalSection
	GlobalSection(ExtensibilityGlobals) = postSolution
		SolutionGuid = {CE7A4119-45D0-40C3-8B36-BE0F648514DE}
	EndGlobalSection
EndGlobal
